{
  "name": "videojuego",
  "version": "1.0.0",
  "lockfileVersion": 1,
  "requires": true,
  "dependencies": {
    "autostart-server": {
      "version": "1.2.0",
      "resolved": "https://registry.npmjs.org/autostart-server/-/autostart-server-1.2.0.tgz",
      "integrity": "sha512-Wpe6PE/rxQwwhI+tdWJcZeZj+t2au057PJ5Xx0cZhhQzJba0rwYEca4Va2Ta/mvIz6BEcCLPSkDCUv1dQH12Uw=="
    },
    "three": {
      "version": "0.121.1",
      "resolved": "https://registry.npmjs.org/three/-/three-0.121.1.tgz",
      "integrity": "sha512-+rYhNpW5W1aBdLkPQDld/GA4Sj/uOKJJKVpCAZUbpk/HZEiYRUlPt8+s+9nmxRglWmRHdBa3ERvUwqg4nmoA5w==",
      "dev": true
    }
  }
}
